
Microsoft Visual Studio Solution File, Format Version 11.00
# Visual Studio 2010
Project("{FAE04EC0-301F-11D3-BF4B-00C04F79EFBC}") = "PolyGain", "Assembly-CSharp.csproj", "{BFD19AD0-CE25-1E7F-54C9-270BD153F566}"
EndProject
Global
	GlobalSection(SolutionConfigurationPlatforms) = preSolution
		Debug|Any CPU = Debug|Any CPU
		Release|Any CPU = Release|Any CPU
	EndGlobalSection
	GlobalSection(ProjectConfigurationPlatforms) = postSolution
		{BFD19AD0-CE25-1E7F-54C9-270BD153F566}.Debug|Any CPU.ActiveCfg = Debug|Any CPU
		{BFD19AD0-CE25-1E7F-54C9-270BD153F566}.Debug|Any CPU.Build.0 = Debug|Any CPU
		{BFD19AD0-CE25-1E7F-54C9-270BD153F566}.Release|Any CPU.ActiveCfg = Release|Any CPU
		{BFD19AD0-CE25-1E7F-54C9-270BD153F566}.Release|Any CPU.Build.0 = Release|Any CPU
	EndGlobalSection
	GlobalSection(SolutionProperties) = preSolution
		HideSolutionNode = FALSE
	EndGlobalSection
	GlobalSection(MonoDevelopProperties) = preSolution
		StartupItem = Assembly-CSharp.csproj
	EndGlobalSection
EndGlobal
